
Microsoft Visual Studio Solution File, Format Version 12.00
# Visual Studio Version 17
VisualStudioVersion = 17.8.34316.72
MinimumVisualStudioVersion = 10.0.40219.1
Project("{9A19103F-16F7-4668-BE54-9A1E7A4F7556}") = "AssetTrakr.App", "AssetTrakr.App\AssetTrakr.App.csproj", "{1268F79A-8277-4F8A-AD79-A5BBB28394E6}"
	ProjectSection(ProjectDependencies) = postProject
		{32FA774F-9C37-49D4-8811-E25618803CE1} = {32FA774F-9C37-49D4-8811-E25618803CE1}
		{6E281FCD-64C1-4E05-B4C4-72313B72D036} = {6E281FCD-64C1-4E05-B4C4-72313B72D036}
		{906B8163-0913-4CF7-8445-EB60FCD5F7B7} = {906B8163-0913-4CF7-8445-EB60FCD5F7B7}
	EndProjectSection
EndProject
Project("{9A19103F-16F7-4668-BE54-9A1E7A4F7556}") = "AssetTrakr.Models", "AssetTrakr.Models\AssetTrakr.Models.csproj", "{32FA774F-9C37-49D4-8811-E25618803CE1}"
EndProject
Project("{9A19103F-16F7-4668-BE54-9A1E7A4F7556}") = "AssetTrakr.Database", "AssetTrakr.Database\AssetTrakr.Database.csproj", "{906B8163-0913-4CF7-8445-EB60FCD5F7B7}"
EndProject
Project("{9A19103F-16F7-4668-BE54-9A1E7A4F7556}") = "AssetTrakr.Utils", "AssetTrakr.Utils\AssetTrakr.Utils.csproj", "{DEA44D11-A4B0-4B8F-B6B1-A4BE3EF73AFC}"
EndProject
Project("{9A19103F-16F7-4668-BE54-9A1E7A4F7556}") = "AssetTrakr.Extensions", "AssetTrakr.Extensions\AssetTrakr.Extensions.csproj", "{6E281FCD-64C1-4E05-B4C4-72313B72D036}"
	ProjectSection(ProjectDependencies) = postProject
		{32FA774F-9C37-49D4-8811-E25618803CE1} = {32FA774F-9C37-49D4-8811-E25618803CE1}
	EndProjectSection
EndProject
Project("{9A19103F-16F7-4668-BE54-9A1E7A4F7556}") = "AssetTrakr.Alerts", "AssetTrakr.Alerts\AssetTrakr.Alerts.csproj", "{409C53D5-A79A-4137-BE38-389A94533474}"
EndProject
Project("{9A19103F-16F7-4668-BE54-9A1E7A4F7556}") = "AssetTrakr.Logging", "AssetTrakr.Logging\AssetTrakr.Logging.csproj", "{9A211211-B323-4A84-9455-A4EC4F05B4BE}"
EndProject
Project("{9A19103F-16F7-4668-BE54-9A1E7A4F7556}") = "AssetTrakr.App.Setup", "AssetTrakr.App.Setup\AssetTrakr.App.Setup.csproj", "{6455E871-6FC8-46B0-9AD3-34DC0A3B3887}"
EndProject
Project("{9A19103F-16F7-4668-BE54-9A1E7A4F7556}") = "AssetTrakr.WinForms", "AssetTrakr.WinForms\AssetTrakr.WinForms.csproj", "{8C2C7025-57A2-4D28-A455-E1A881716690}"
EndProject
Project("{9A19103F-16F7-4668-BE54-9A1E7A4F7556}") = "AssetTrakr.FileSystem", "AssetTrakr.FileSystem\AssetTrakr.FileSystem.csproj", "{DE158EB4-A5F6-43B8-BF95-0D4D25A7339C}"
EndProject
Global
	GlobalSection(SolutionConfigurationPlatforms) = preSolution
		Debug|Any CPU = Debug|Any CPU
		Release|Any CPU = Release|Any CPU
	EndGlobalSection
	GlobalSection(ProjectConfigurationPlatforms) = postSolution
		{1268F79A-8277-4F8A-AD79-A5BBB28394E6}.Debug|Any CPU.ActiveCfg = Debug|Any CPU
		{1268F79A-8277-4F8A-AD79-A5BBB28394E6}.Debug|Any CPU.Build.0 = Debug|Any CPU
		{1268F79A-8277-4F8A-AD79-A5BBB28394E6}.Release|Any CPU.ActiveCfg = Release|Any CPU
		{1268F79A-8277-4F8A-AD79-A5BBB28394E6}.Release|Any CPU.Build.0 = Release|Any CPU
		{32FA774F-9C37-49D4-8811-E25618803CE1}.Debug|Any CPU.ActiveCfg = Debug|Any CPU
		{32FA774F-9C37-49D4-8811-E25618803CE1}.Debug|Any CPU.Build.0 = Debug|Any CPU
		{32FA774F-9C37-49D4-8811-E25618803CE1}.Release|Any CPU.ActiveCfg = Release|Any CPU
		{32FA774F-9C37-49D4-8811-E25618803CE1}.Release|Any CPU.Build.0 = Release|Any CPU
		{906B8163-0913-4CF7-8445-EB60FCD5F7B7}.Debug|Any CPU.ActiveCfg = Debug|Any CPU
		{906B8163-0913-4CF7-8445-EB60FCD5F7B7}.Debug|Any CPU.Build.0 = Debug|Any CPU
		{906B8163-0913-4CF7-8445-EB60FCD5F7B7}.Release|Any CPU.ActiveCfg = Release|Any CPU
		{906B8163-0913-4CF7-8445-EB60FCD5F7B7}.Release|Any CPU.Build.0 = Release|Any CPU
		{DEA44D11-A4B0-4B8F-B6B1-A4BE3EF73AFC}.Debug|Any CPU.ActiveCfg = Debug|Any CPU
		{DEA44D11-A4B0-4B8F-B6B1-A4BE3EF73AFC}.Debug|Any CPU.Build.0 = Debug|Any CPU
		{DEA44D11-A4B0-4B8F-B6B1-A4BE3EF73AFC}.Release|Any CPU.ActiveCfg = Release|Any CPU
		{DEA44D11-A4B0-4B8F-B6B1-A4BE3EF73AFC}.Release|Any CPU.Build.0 = Release|Any CPU
		{6E281FCD-64C1-4E05-B4C4-72313B72D036}.Debug|Any CPU.ActiveCfg = Debug|Any CPU
		{6E281FCD-64C1-4E05-B4C4-72313B72D036}.Debug|Any CPU.Build.0 = Debug|Any CPU
		{6E281FCD-64C1-4E05-B4C4-72313B72D036}.Release|Any CPU.ActiveCfg = Release|Any CPU
		{6E281FCD-64C1-4E05-B4C4-72313B72D036}.Release|Any CPU.Build.0 = Release|Any CPU
		{409C53D5-A79A-4137-BE38-389A94533474}.Debug|Any CPU.ActiveCfg = Debug|Any CPU
		{409C53D5-A79A-4137-BE38-389A94533474}.Debug|Any CPU.Build.0 = Debug|Any CPU
		{409C53D5-A79A-4137-BE38-389A94533474}.Release|Any CPU.ActiveCfg = Release|Any CPU
		{409C53D5-A79A-4137-BE38-389A94533474}.Release|Any CPU.Build.0 = Release|Any CPU
		{9A211211-B323-4A84-9455-A4EC4F05B4BE}.Debug|Any CPU.ActiveCfg = Debug|Any CPU
		{9A211211-B323-4A84-9455-A4EC4F05B4BE}.Debug|Any CPU.Build.0 = Debug|Any CPU
		{9A211211-B323-4A84-9455-A4EC4F05B4BE}.Release|Any CPU.ActiveCfg = Release|Any CPU
		{9A211211-B323-4A84-9455-A4EC4F05B4BE}.Release|Any CPU.Build.0 = Release|Any CPU
		{6455E871-6FC8-46B0-9AD3-34DC0A3B3887}.Debug|Any CPU.ActiveCfg = Debug|Any CPU
		{6455E871-6FC8-46B0-9AD3-34DC0A3B3887}.Debug|Any CPU.Build.0 = Debug|Any CPU
		{6455E871-6FC8-46B0-9AD3-34DC0A3B3887}.Release|Any CPU.ActiveCfg = Release|Any CPU
		{6455E871-6FC8-46B0-9AD3-34DC0A3B3887}.Release|Any CPU.Build.0 = Release|Any CPU
		{8C2C7025-57A2-4D28-A455-E1A881716690}.Debug|Any CPU.ActiveCfg = Debug|Any CPU
		{8C2C7025-57A2-4D28-A455-E1A881716690}.Debug|Any CPU.Build.0 = Debug|Any CPU
		{8C2C7025-57A2-4D28-A455-E1A881716690}.Release|Any CPU.ActiveCfg = Release|Any CPU
		{8C2C7025-57A2-4D28-A455-E1A881716690}.Release|Any CPU.Build.0 = Release|Any CPU
		{DE158EB4-A5F6-43B8-BF95-0D4D25A7339C}.Debug|Any CPU.ActiveCfg = Debug|Any CPU
		{DE158EB4-A5F6-43B8-BF95-0D4D25A7339C}.Debug|Any CPU.Build.0 = Debug|Any CPU
		{DE158EB4-A5F6-43B8-BF95-0D4D25A7339C}.Release|Any CPU.ActiveCfg = Release|Any CPU
		{DE158EB4-A5F6-43B8-BF95-0D4D25A7339C}.Release|Any CPU.Build.0 = Release|Any CPU
	EndGlobalSection
	GlobalSection(SolutionProperties) = preSolution
		HideSolutionNode = FALSE
	EndGlobalSection
	GlobalSection(ExtensibilityGlobals) = postSolution
		SolutionGuid = {4E4AD582-3F2C-4F66-B3D3-64E394B730BC}
	EndGlobalSection
EndGlobal
